
Microsoft Visual Studio Solution File, Format Version 12.00
# Visual Studio 14
VisualStudioVersion = 14.0.25420.1
MinimumVisualStudioVersion = 10.0.40219.1
Project("{2150E333-8FDC-42A3-9474-1A3956D46DE8}") = "src", "src", "{420F640A-E23F-457C-BEC7-1DEAD1C592F1}"
EndProject
Project("{8BB2217D-0F2D-49D1-97BC-3654ED321F3B}") = "OpenTracing.Contrib.ZipkinTracer", "src\OpenTracing.Contrib.ZipkinTracer\OpenTracing.Contrib.ZipkinTracer.xproj", "{57A98620-FF25-48B1-AA7F-F6A0ECEE703F}"
EndProject
Project("{8BB2217D-0F2D-49D1-97BC-3654ED321F3B}") = "OpenTracing", "..\opentracing-csharp\src\OpenTracing\OpenTracing.xproj", "{60B9BDE0-8203-46C9-9373-E06FC82CECB3}"
EndProject
Project("{8BB2217D-0F2D-49D1-97BC-3654ED321F3B}") = "OpenTracing.Contrib.AspNetCore", "src\OpenTracing.Contrib.AspNetCore\OpenTracing.Contrib.AspNetCore.xproj", "{2762BCB2-ED60-42DA-BF9C-B0363B61BFA6}"
EndProject
Project("{8BB2217D-0F2D-49D1-97BC-3654ED321F3B}") = "OpenTracing.Contrib", "src\OpenTracing.Contrib\OpenTracing.Contrib.xproj", "{193CA22E-D564-4B5C-9BF3-12C92D8E0C84}"
EndProject
Project("{8BB2217D-0F2D-49D1-97BC-3654ED321F3B}") = "OpenTracing.Contrib.Testing", "src\OpenTracing.Contrib.Testing\OpenTracing.Contrib.Testing.xproj", "{69496566-4559-485C-9118-F3A8968253CD}"
EndProject
Project("{2150E333-8FDC-42A3-9474-1A3956D46DE8}") = "Solution Items", "Solution Items", "{B15B729C-0801-4266-B560-B0FE00D2DB9E}"
	ProjectSection(SolutionItems) = preProject
		global.json = global.json
	EndProjectSection
EndProject
Project("{2150E333-8FDC-42A3-9474-1A3956D46DE8}") = "test", "test", "{F9AD8B6F-1F59-4678-B9CF-9CD87172A111}"
EndProject
Project("{8BB2217D-0F2D-49D1-97BC-3654ED321F3B}") = "OpenTracing.Contrib.Tests", "test\OpenTracing.Contrib.Tests\OpenTracing.Contrib.Tests.xproj", "{2313D9A2-7F73-4F4B-B408-895BB5F892E4}"
EndProject
Project("{2150E333-8FDC-42A3-9474-1A3956D46DE8}") = "samples", "samples", "{36333C22-54F7-403C-ABC4-BECE4EE3F52D}"
EndProject
Project("{8BB2217D-0F2D-49D1-97BC-3654ED321F3B}") = "Constants", "samples\Constants\Constants.xproj", "{69609C83-10C2-4147-AD33-A45EEBF95AE6}"
EndProject
Project("{8BB2217D-0F2D-49D1-97BC-3654ED321F3B}") = "FrontendWeb", "samples\FrontendWeb\FrontendWeb.xproj", "{02E89100-5AF7-489D-944D-4A193BE96C4B}"
EndProject
Project("{8BB2217D-0F2D-49D1-97BC-3654ED321F3B}") = "OrdersApi", "samples\OrdersApi\OrdersApi.xproj", "{F2849F7B-C73B-4160-8151-77CD201CF9BD}"
EndProject
Project("{8BB2217D-0F2D-49D1-97BC-3654ED321F3B}") = "CustomersApi", "samples\CustomersApi\CustomersApi.xproj", "{D11AD9F6-D7F3-478D-9C1E-8F9D954C900D}"
EndProject
Global
	GlobalSection(SolutionConfigurationPlatforms) = preSolution
		Debug|Any CPU = Debug|Any CPU
		Release|Any CPU = Release|Any CPU
	EndGlobalSection
	GlobalSection(ProjectConfigurationPlatforms) = postSolution
		{57A98620-FF25-48B1-AA7F-F6A0ECEE703F}.Debug|Any CPU.ActiveCfg = Debug|Any CPU
		{57A98620-FF25-48B1-AA7F-F6A0ECEE703F}.Debug|Any CPU.Build.0 = Debug|Any CPU
		{57A98620-FF25-48B1-AA7F-F6A0ECEE703F}.Release|Any CPU.ActiveCfg = Release|Any CPU
		{57A98620-FF25-48B1-AA7F-F6A0ECEE703F}.Release|Any CPU.Build.0 = Release|Any CPU
		{60B9BDE0-8203-46C9-9373-E06FC82CECB3}.Debug|Any CPU.ActiveCfg = Debug|Any CPU
		{60B9BDE0-8203-46C9-9373-E06FC82CECB3}.Debug|Any CPU.Build.0 = Debug|Any CPU
		{60B9BDE0-8203-46C9-9373-E06FC82CECB3}.Release|Any CPU.ActiveCfg = Release|Any CPU
		{60B9BDE0-8203-46C9-9373-E06FC82CECB3}.Release|Any CPU.Build.0 = Release|Any CPU
		{2762BCB2-ED60-42DA-BF9C-B0363B61BFA6}.Debug|Any CPU.ActiveCfg = Debug|Any CPU
		{2762BCB2-ED60-42DA-BF9C-B0363B61BFA6}.Debug|Any CPU.Build.0 = Debug|Any CPU
		{2762BCB2-ED60-42DA-BF9C-B0363B61BFA6}.Release|Any CPU.ActiveCfg = Release|Any CPU
		{2762BCB2-ED60-42DA-BF9C-B0363B61BFA6}.Release|Any CPU.Build.0 = Release|Any CPU
		{193CA22E-D564-4B5C-9BF3-12C92D8E0C84}.Debug|Any CPU.ActiveCfg = Debug|Any CPU
		{193CA22E-D564-4B5C-9BF3-12C92D8E0C84}.Debug|Any CPU.Build.0 = Debug|Any CPU
		{193CA22E-D564-4B5C-9BF3-12C92D8E0C84}.Release|Any CPU.ActiveCfg = Release|Any CPU
		{193CA22E-D564-4B5C-9BF3-12C92D8E0C84}.Release|Any CPU.Build.0 = Release|Any CPU
		{69496566-4559-485C-9118-F3A8968253CD}.Debug|Any CPU.ActiveCfg = Debug|Any CPU
		{69496566-4559-485C-9118-F3A8968253CD}.Debug|Any CPU.Build.0 = Debug|Any CPU
		{69496566-4559-485C-9118-F3A8968253CD}.Release|Any CPU.ActiveCfg = Release|Any CPU
		{69496566-4559-485C-9118-F3A8968253CD}.Release|Any CPU.Build.0 = Release|Any CPU
		{2313D9A2-7F73-4F4B-B408-895BB5F892E4}.Debug|Any CPU.ActiveCfg = Debug|Any CPU
		{2313D9A2-7F73-4F4B-B408-895BB5F892E4}.Debug|Any CPU.Build.0 = Debug|Any CPU
		{2313D9A2-7F73-4F4B-B408-895BB5F892E4}.Release|Any CPU.ActiveCfg = Release|Any CPU
		{2313D9A2-7F73-4F4B-B408-895BB5F892E4}.Release|Any CPU.Build.0 = Release|Any CPU
		{69609C83-10C2-4147-AD33-A45EEBF95AE6}.Debug|Any CPU.ActiveCfg = Debug|Any CPU
		{69609C83-10C2-4147-AD33-A45EEBF95AE6}.Debug|Any CPU.Build.0 = Debug|Any CPU
		{69609C83-10C2-4147-AD33-A45EEBF95AE6}.Release|Any CPU.ActiveCfg = Release|Any CPU
		{69609C83-10C2-4147-AD33-A45EEBF95AE6}.Release|Any CPU.Build.0 = Release|Any CPU
		{02E89100-5AF7-489D-944D-4A193BE96C4B}.Debug|Any CPU.ActiveCfg = Debug|Any CPU
		{02E89100-5AF7-489D-944D-4A193BE96C4B}.Debug|Any CPU.Build.0 = Debug|Any CPU
		{02E89100-5AF7-489D-944D-4A193BE96C4B}.Release|Any CPU.ActiveCfg = Release|Any CPU
		{02E89100-5AF7-489D-944D-4A193BE96C4B}.Release|Any CPU.Build.0 = Release|Any CPU
		{F2849F7B-C73B-4160-8151-77CD201CF9BD}.Debug|Any CPU.ActiveCfg = Debug|Any CPU
		{F2849F7B-C73B-4160-8151-77CD201CF9BD}.Debug|Any CPU.Build.0 = Debug|Any CPU
		{F2849F7B-C73B-4160-8151-77CD201CF9BD}.Release|Any CPU.ActiveCfg = Release|Any CPU
		{F2849F7B-C73B-4160-8151-77CD201CF9BD}.Release|Any CPU.Build.0 = Release|Any CPU
		{D11AD9F6-D7F3-478D-9C1E-8F9D954C900D}.Debug|Any CPU.ActiveCfg = Debug|Any CPU
		{D11AD9F6-D7F3-478D-9C1E-8F9D954C900D}.Debug|Any CPU.Build.0 = Debug|Any CPU
		{D11AD9F6-D7F3-478D-9C1E-8F9D954C900D}.Release|Any CPU.ActiveCfg = Release|Any CPU
		{D11AD9F6-D7F3-478D-9C1E-8F9D954C900D}.Release|Any CPU.Build.0 = Release|Any CPU
	EndGlobalSection
	GlobalSection(SolutionProperties) = preSolution
		HideSolutionNode = FALSE
	EndGlobalSection
	GlobalSection(NestedProjects) = preSolution
		{57A98620-FF25-48B1-AA7F-F6A0ECEE703F} = {420F640A-E23F-457C-BEC7-1DEAD1C592F1}
		{2762BCB2-ED60-42DA-BF9C-B0363B61BFA6} = {420F640A-E23F-457C-BEC7-1DEAD1C592F1}
		{193CA22E-D564-4B5C-9BF3-12C92D8E0C84} = {420F640A-E23F-457C-BEC7-1DEAD1C592F1}
		{69496566-4559-485C-9118-F3A8968253CD} = {420F640A-E23F-457C-BEC7-1DEAD1C592F1}
		{2313D9A2-7F73-4F4B-B408-895BB5F892E4} = {F9AD8B6F-1F59-4678-B9CF-9CD87172A111}
		{69609C83-10C2-4147-AD33-A45EEBF95AE6} = {36333C22-54F7-403C-ABC4-BECE4EE3F52D}
		{02E89100-5AF7-489D-944D-4A193BE96C4B} = {36333C22-54F7-403C-ABC4-BECE4EE3F52D}
		{F2849F7B-C73B-4160-8151-77CD201CF9BD} = {36333C22-54F7-403C-ABC4-BECE4EE3F52D}
		{D11AD9F6-D7F3-478D-9C1E-8F9D954C900D} = {36333C22-54F7-403C-ABC4-BECE4EE3F52D}
	EndGlobalSection
EndGlobal
